
Microsoft Visual Studio Solution File, Format Version 12.00
# Visual Studio 15
VisualStudioVersion = 15.0.28307.852
MinimumVisualStudioVersion = 10.0.40219.1
Project("{8BC9CEB8-8B4A-11D0-8D11-00A0C91BC942}") = "anti-sandbox", "anti-sandbox\anti-sandbox.vcxproj", "{F2080DD9-BA8C-4FFB-979A-69B8A036288D}"
EndProject
Global
	GlobalSection(SolutionConfigurationPlatforms) = preSolution
		Debug|x64 = Debug|x64
		Debug|x86 = Debug|x86
		Release|x64 = Release|x64
		Release|x86 = Release|x86
	EndGlobalSection
	GlobalSection(ProjectConfigurationPlatforms) = postSolution
		{F2080DD9-BA8C-4FFB-979A-69B8A036288D}.Debug|x64.ActiveCfg = Debug|x64
		{F2080DD9-BA8C-4FFB-979A-69B8A036288D}.Debug|x64.Build.0 = Debug|x64
		{F2080DD9-BA8C-4FFB-979A-69B8A036288D}.Debug|x86.ActiveCfg = Debug|Win32
		{F2080DD9-BA8C-4FFB-979A-69B8A036288D}.Debug|x86.Build.0 = Debug|Win32
		{F2080DD9-BA8C-4FFB-979A-69B8A036288D}.Release|x64.ActiveCfg = Release|x64
		{F2080DD9-BA8C-4FFB-979A-69B8A036288D}.Release|x64.Build.0 = Release|x64
		{F2080DD9-BA8C-4FFB-979A-69B8A036288D}.Release|x86.ActiveCfg = Release|Win32
		{F2080DD9-BA8C-4FFB-979A-69B8A036288D}.Release|x86.Build.0 = Release|Win32
	EndGlobalSection
	GlobalSection(SolutionProperties) = preSolution
		HideSolutionNode = FALSE
	EndGlobalSection
	GlobalSection(ExtensibilityGlobals) = postSolution
		SolutionGuid = {8C6F19C1-A837-49FD-9FD4-6882080B10FC}
	EndGlobalSection
EndGlobal
